# This file is autogenerated, do not edit; changes may be undone by the next 'dep ensure'.


[[projects]]
  digest = "1:347c8d0c4863d1a9762ae36a1891a04d7902ab60a65d7ec6d06f44aa5734cd63"
  name = "github.com/aws/aws-sdk-go"
  packages = [
    "aws",
    "aws/awserr",
    "aws/awsutil",
    "aws/client",
    "aws/client/metadata",
    "aws/corehandlers",
    "aws/credentials",
    "aws/credentials/ec2rolecreds",
    "aws/credentials/endpointcreds",
    "aws/credentials/stscreds",
    "aws/csm",
    "aws/defaults",
    "aws/ec2metadata",
    "aws/endpoints",
    "aws/request",
    "aws/session",
    "aws/signer/v4",
    "internal/ini",
    "internal/sdkio",
    "internal/sdkrand",
    "internal/sdkuri",
    "internal/shareddefaults",
    "private/protocol",
    "private/protocol/json/jsonutil",
    "private/protocol/jsonrpc",
    "private/protocol/query",
    "private/protocol/query/queryutil",
    "private/protocol/rest",
    "private/protocol/restjson",
    "private/protocol/xml/xmlutil",
    "service/kinesis",
    "service/kinesis/kinesisiface",
    "service/lambda",
    "service/lambda/lambdaiface",
    "service/sns",
    "service/sns/snsiface",
    "service/sqs",
    "service/sqs/sqsiface",
    "service/sts",
  ]
  pruneopts = "UT"
  revision = "870fa4307c5f57c14153c695df7b87af1acdcbf1"
  version = "v1.15.66"

[[projects]]
  digest = "1:e22af8c7518e1eab6f2eab2b7d7558927f816262586cd6ed9f349c97a6c285c4"
  name = "github.com/jmespath/go-jmespath"
  packages = ["."]
  pruneopts = "UT"
  revision = "0b12d6b5"

[[projects]]
  digest = "1:9e9193aa51197513b3abcb108970d831fbcf40ef96aa845c4f03276e1fa316d2"
  name = "github.com/sirupsen/logrus"
  packages = ["."]
  pruneopts = "UT"
  revision = "c155da19408a8799da419ed3eeb0cb5db0ad5dbc"
  version = "v1.0.5"

[[projects]]
  branch = "master"
  digest = "1:08e00568d99ec12096ba60887632eb2b94ed8b3c23e2ed90eb263e12eacf8f3a"
  name = "github.com/streadway/amqp"
  packages = ["."]
  pruneopts = "UT"
  revision = "e5adc2ada8b8efff032bf61173a233d143e9318e"

[[projects]]
  branch = "master"
  digest = "1:3f3a05ae0b95893d90b9b3b5afdb79a9b3d96e4e36e099d841ae602e4aca0da8"
  name = "golang.org/x/crypto"
  packages = ["ssh/terminal"]
  pruneopts = "UT"
  revision = "a8fb68e7206f8c78be19b432c58eb52a6aa34462"

[[projects]]
  branch = "master"
  digest = "1:f454baa55ae9d6bf2c301b816662e5352ef71177a8d1eabeb73a08d6ab42888f"
  name = "golang.org/x/sys"
  packages = [
    "unix",
    "windows",
  ]
  pruneopts = "UT"
  revision = "8883426083c04a2627e6e59d84d5f6fb63d16c91"

[solve-meta]
  analyzer-name = "dep"
  analyzer-version = 1
  input-imports = [
    "github.com/aws/aws-sdk-go/aws",
    "github.com/aws/aws-sdk-go/aws/session",
    "github.com/aws/aws-sdk-go/service/kinesis",
    "github.com/aws/aws-sdk-go/service/kinesis/kinesisiface",
    "github.com/aws/aws-sdk-go/service/lambda",
    "github.com/aws/aws-sdk-go/service/lambda/lambdaiface",
    "github.com/aws/aws-sdk-go/service/sns",
    "github.com/aws/aws-sdk-go/service/sns/snsiface",
    "github.com/aws/aws-sdk-go/service/sqs",
    "github.com/aws/aws-sdk-go/service/sqs/sqsiface",
    "github.com/sirupsen/logrus",
    "github.com/streadway/amqp",
  ]
  solver-name = "gps-cdcl"
  solver-version = 1
